
Microsoft Visual Studio Solution File, Format Version 12.00
# Visual Studio 15
VisualStudioVersion = 15.0.27130.2024
MinimumVisualStudioVersion = 10.0.40219.1
Project("{FAE04EC0-301F-11D3-BF4B-00C04F79EFBC}") = "SmsApiForwading", "SmsApiForwading\SmsApiForwading.csproj", "{0BD7D41D-1A22-4838-A4C0-D0571F10097B}"
EndProject
Global
	GlobalSection(SolutionConfigurationPlatforms) = preSolution
		Debug|Any CPU = Debug|Any CPU
		Release|Any CPU = Release|Any CPU
	EndGlobalSection
	GlobalSection(ProjectConfigurationPlatforms) = postSolution
		{0BD7D41D-1A22-4838-A4C0-D0571F10097B}.Debug|Any CPU.ActiveCfg = Debug|Any CPU
		{0BD7D41D-1A22-4838-A4C0-D0571F10097B}.Debug|Any CPU.Build.0 = Debug|Any CPU
		{0BD7D41D-1A22-4838-A4C0-D0571F10097B}.Release|Any CPU.ActiveCfg = Release|Any CPU
		{0BD7D41D-1A22-4838-A4C0-D0571F10097B}.Release|Any CPU.Build.0 = Release|Any CPU
	EndGlobalSection
	GlobalSection(SolutionProperties) = preSolution
		HideSolutionNode = FALSE
	EndGlobalSection
	GlobalSection(ExtensibilityGlobals) = postSolution
		SolutionGuid = {54FFCE89-65AE-49DE-8585-F905CB1A116E}
	EndGlobalSection
EndGlobal
